
Microsoft Visual Studio Solution File, Format Version 12.00
# Visual Studio Version 17
VisualStudioVersion = 17.6.33829.357
MinimumVisualStudioVersion = 10.0.40219.1
Project("{FAE04EC0-301F-11D3-BF4B-00C04F79EFBC}") = "Agustin", "Agustin.csproj", "{4E28F6D1-53B2-4F4F-8929-94DCB8A0D9BA}"
EndProject
Global
	GlobalSection(SolutionConfigurationPlatforms) = preSolution
		Debug|Any CPU = Debug|Any CPU
		Release|Any CPU = Release|Any CPU
	EndGlobalSection
	GlobalSection(ProjectConfigurationPlatforms) = postSolution
		{4E28F6D1-53B2-4F4F-8929-94DCB8A0D9BA}.Debug|Any CPU.ActiveCfg = Debug|Any CPU
		{4E28F6D1-53B2-4F4F-8929-94DCB8A0D9BA}.Debug|Any CPU.Build.0 = Debug|Any CPU
		{4E28F6D1-53B2-4F4F-8929-94DCB8A0D9BA}.Release|Any CPU.ActiveCfg = Release|Any CPU
		{4E28F6D1-53B2-4F4F-8929-94DCB8A0D9BA}.Release|Any CPU.Build.0 = Release|Any CPU
	EndGlobalSection
	GlobalSection(SolutionProperties) = preSolution
		HideSolutionNode = FALSE
	EndGlobalSection
	GlobalSection(ExtensibilityGlobals) = postSolution
		SolutionGuid = {401F4A75-03B9-4959-A34F-9C75BB28F3AA}
	EndGlobalSection
EndGlobal
